
Microsoft Visual Studio Solution File, Format Version 12.00
# Visual Studio 15
VisualStudioVersion = 15.0.28307.168
MinimumVisualStudioVersion = 10.0.40219.1
Project("{FAE04EC0-301F-11D3-BF4B-00C04F79EFBC}") = "xPlatAuction.Android", "xPlatAuction\xPlatAuction.Android\xPlatAuction.Android.csproj", "{D68E2B2D-BA3D-4D40-849C-227A32E9CCBE}"
EndProject
Project("{FAE04EC0-301F-11D3-BF4B-00C04F79EFBC}") = "xPlatAuction.iOS", "xPlatAuction\xPlatAuction.iOS\xPlatAuction.iOS.csproj", "{41511BA3-81ED-4CF7-B1C4-B42ADC20E803}"
EndProject
Project("{FAE04EC0-301F-11D3-BF4B-00C04F79EFBC}") = "xPlatAuction", "xPlatAuction\xPlatAuction\xPlatAuction.csproj", "{A19A1028-BA2D-4EC3-990B-63B5D7336B03}"
EndProject
Global
	GlobalSection(SolutionConfigurationPlatforms) = preSolution
		Ad-Hoc|Any CPU = Ad-Hoc|Any CPU
		Ad-Hoc|iPhone = Ad-Hoc|iPhone
		Ad-Hoc|iPhoneSimulator = Ad-Hoc|iPhoneSimulator
		AppStore|Any CPU = AppStore|Any CPU
		AppStore|iPhone = AppStore|iPhone
		AppStore|iPhoneSimulator = AppStore|iPhoneSimulator
		Debug|Any CPU = Debug|Any CPU
		Debug|iPhone = Debug|iPhone
		Debug|iPhoneSimulator = Debug|iPhoneSimulator
		Release|Any CPU = Release|Any CPU
		Release|iPhone = Release|iPhone
		Release|iPhoneSimulator = Release|iPhoneSimulator
	EndGlobalSection
	GlobalSection(ProjectConfigurationPlatforms) = postSolution
		{D68E2B2D-BA3D-4D40-849C-227A32E9CCBE}.Ad-Hoc|Any CPU.ActiveCfg = Release|Any CPU
		{D68E2B2D-BA3D-4D40-849C-227A32E9CCBE}.Ad-Hoc|Any CPU.Build.0 = Release|Any CPU
		{D68E2B2D-BA3D-4D40-849C-227A32E9CCBE}.Ad-Hoc|Any CPU.Deploy.0 = Release|Any CPU
		{D68E2B2D-BA3D-4D40-849C-227A32E9CCBE}.Ad-Hoc|iPhone.ActiveCfg = Release|Any CPU
		{D68E2B2D-BA3D-4D40-849C-227A32E9CCBE}.Ad-Hoc|iPhone.Build.0 = Release|Any CPU
		{D68E2B2D-BA3D-4D40-849C-227A32E9CCBE}.Ad-Hoc|iPhone.Deploy.0 = Release|Any CPU
		{D68E2B2D-BA3D-4D40-849C-227A32E9CCBE}.Ad-Hoc|iPhoneSimulator.ActiveCfg = Release|Any CPU
		{D68E2B2D-BA3D-4D40-849C-227A32E9CCBE}.Ad-Hoc|iPhoneSimulator.Build.0 = Release|Any CPU
		{D68E2B2D-BA3D-4D40-849C-227A32E9CCBE}.Ad-Hoc|iPhoneSimulator.Deploy.0 = Release|Any CPU
		{D68E2B2D-BA3D-4D40-849C-227A32E9CCBE}.AppStore|Any CPU.ActiveCfg = Release|Any CPU
		{D68E2B2D-BA3D-4D40-849C-227A32E9CCBE}.AppStore|Any CPU.Build.0 = Release|Any CPU
		{D68E2B2D-BA3D-4D40-849C-227A32E9CCBE}.AppStore|Any CPU.Deploy.0 = Release|Any CPU
		{D68E2B2D-BA3D-4D40-849C-227A32E9CCBE}.AppStore|iPhone.ActiveCfg = Release|Any CPU
		{D68E2B2D-BA3D-4D40-849C-227A32E9CCBE}.AppStore|iPhone.Build.0 = Release|Any CPU
		{D68E2B2D-BA3D-4D40-849C-227A32E9CCBE}.AppStore|iPhone.Deploy.0 = Release|Any CPU
		{D68E2B2D-BA3D-4D40-849C-227A32E9CCBE}.AppStore|iPhoneSimulator.ActiveCfg = Release|Any CPU
		{D68E2B2D-BA3D-4D40-849C-227A32E9CCBE}.AppStore|iPhoneSimulator.Build.0 = Release|Any CPU
		{D68E2B2D-BA3D-4D40-849C-227A32E9CCBE}.AppStore|iPhoneSimulator.Deploy.0 = Release|Any CPU
		{D68E2B2D-BA3D-4D40-849C-227A32E9CCBE}.Debug|Any CPU.ActiveCfg = Debug|Any CPU
		{D68E2B2D-BA3D-4D40-849C-227A32E9CCBE}.Debug|Any CPU.Build.0 = Debug|Any CPU
		{D68E2B2D-BA3D-4D40-849C-227A32E9CCBE}.Debug|Any CPU.Deploy.0 = Debug|Any CPU
		{D68E2B2D-BA3D-4D40-849C-227A32E9CCBE}.Debug|iPhone.ActiveCfg = Debug|Any CPU
		{D68E2B2D-BA3D-4D40-849C-227A32E9CCBE}.Debug|iPhone.Build.0 = Debug|Any CPU
		{D68E2B2D-BA3D-4D40-849C-227A32E9CCBE}.Debug|iPhone.Deploy.0 = Debug|Any CPU
		{D68E2B2D-BA3D-4D40-849C-227A32E9CCBE}.Debug|iPhoneSimulator.ActiveCfg = Debug|Any CPU
		{D68E2B2D-BA3D-4D40-849C-227A32E9CCBE}.Debug|iPhoneSimulator.Build.0 = Debug|Any CPU
		{D68E2B2D-BA3D-4D40-849C-227A32E9CCBE}.Debug|iPhoneSimulator.Deploy.0 = Debug|Any CPU
		{D68E2B2D-BA3D-4D40-849C-227A32E9CCBE}.Release|Any CPU.ActiveCfg = Release|Any CPU
		{D68E2B2D-BA3D-4D40-849C-227A32E9CCBE}.Release|Any CPU.Build.0 = Release|Any CPU
		{D68E2B2D-BA3D-4D40-849C-227A32E9CCBE}.Release|Any CPU.Deploy.0 = Release|Any CPU
		{D68E2B2D-BA3D-4D40-849C-227A32E9CCBE}.Release|iPhone.ActiveCfg = Release|Any CPU
		{D68E2B2D-BA3D-4D40-849C-227A32E9CCBE}.Release|iPhone.Build.0 = Release|Any CPU
		{D68E2B2D-BA3D-4D40-849C-227A32E9CCBE}.Release|iPhone.Deploy.0 = Release|Any CPU
		{D68E2B2D-BA3D-4D40-849C-227A32E9CCBE}.Release|iPhoneSimulator.ActiveCfg = Release|Any CPU
		{D68E2B2D-BA3D-4D40-849C-227A32E9CCBE}.Release|iPhoneSimulator.Build.0 = Release|Any CPU
		{D68E2B2D-BA3D-4D40-849C-227A32E9CCBE}.Release|iPhoneSimulator.Deploy.0 = Release|Any CPU
		{41511BA3-81ED-4CF7-B1C4-B42ADC20E803}.Ad-Hoc|Any CPU.ActiveCfg = Ad-Hoc|iPhone
		{41511BA3-81ED-4CF7-B1C4-B42ADC20E803}.Ad-Hoc|Any CPU.Build.0 = Ad-Hoc|iPhone
		{41511BA3-81ED-4CF7-B1C4-B42ADC20E803}.Ad-Hoc|Any CPU.Deploy.0 = Ad-Hoc|iPhone
		{41511BA3-81ED-4CF7-B1C4-B42ADC20E803}.Ad-Hoc|iPhone.ActiveCfg = Ad-Hoc|iPhone
		{41511BA3-81ED-4CF7-B1C4-B42ADC20E803}.Ad-Hoc|iPhone.Build.0 = Ad-Hoc|iPhone
		{41511BA3-81ED-4CF7-B1C4-B42ADC20E803}.Ad-Hoc|iPhone.Deploy.0 = Ad-Hoc|iPhone
		{41511BA3-81ED-4CF7-B1C4-B42ADC20E803}.Ad-Hoc|iPhoneSimulator.ActiveCfg = Ad-Hoc|iPhoneSimulator
		{41511BA3-81ED-4CF7-B1C4-B42ADC20E803}.Ad-Hoc|iPhoneSimulator.Build.0 = Ad-Hoc|iPhoneSimulator
		{41511BA3-81ED-4CF7-B1C4-B42ADC20E803}.Ad-Hoc|iPhoneSimulator.Deploy.0 = Ad-Hoc|iPhoneSimulator
		{41511BA3-81ED-4CF7-B1C4-B42ADC20E803}.AppStore|Any CPU.ActiveCfg = AppStore|iPhone
		{41511BA3-81ED-4CF7-B1C4-B42ADC20E803}.AppStore|Any CPU.Build.0 = AppStore|iPhone
		{41511BA3-81ED-4CF7-B1C4-B42ADC20E803}.AppStore|Any CPU.Deploy.0 = AppStore|iPhone
		{41511BA3-81ED-4CF7-B1C4-B42ADC20E803}.AppStore|iPhone.ActiveCfg = AppStore|iPhone
		{41511BA3-81ED-4CF7-B1C4-B42ADC20E803}.AppStore|iPhone.Build.0 = AppStore|iPhone
		{41511BA3-81ED-4CF7-B1C4-B42ADC20E803}.AppStore|iPhone.Deploy.0 = AppStore|iPhone
		{41511BA3-81ED-4CF7-B1C4-B42ADC20E803}.AppStore|iPhoneSimulator.ActiveCfg = AppStore|iPhoneSimulator
		{41511BA3-81ED-4CF7-B1C4-B42ADC20E803}.AppStore|iPhoneSimulator.Build.0 = AppStore|iPhoneSimulator
		{41511BA3-81ED-4CF7-B1C4-B42ADC20E803}.AppStore|iPhoneSimulator.Deploy.0 = AppStore|iPhoneSimulator
		{41511BA3-81ED-4CF7-B1C4-B42ADC20E803}.Debug|Any CPU.ActiveCfg = Debug|iPhoneSimulator
		{41511BA3-81ED-4CF7-B1C4-B42ADC20E803}.Debug|Any CPU.Build.0 = Debug|iPhoneSimulator
		{41511BA3-81ED-4CF7-B1C4-B42ADC20E803}.Debug|Any CPU.Deploy.0 = Debug|iPhoneSimulator
		{41511BA3-81ED-4CF7-B1C4-B42ADC20E803}.Debug|iPhone.ActiveCfg = Debug|iPhone
		{41511BA3-81ED-4CF7-B1C4-B42ADC20E803}.Debug|iPhone.Build.0 = Debug|iPhone
		{41511BA3-81ED-4CF7-B1C4-B42ADC20E803}.Debug|iPhone.Deploy.0 = Debug|iPhone
		{41511BA3-81ED-4CF7-B1C4-B42ADC20E803}.Debug|iPhoneSimulator.ActiveCfg = Debug|iPhoneSimulator
		{41511BA3-81ED-4CF7-B1C4-B42ADC20E803}.Debug|iPhoneSimulator.Build.0 = Debug|iPhoneSimulator
		{41511BA3-81ED-4CF7-B1C4-B42ADC20E803}.Debug|iPhoneSimulator.Deploy.0 = Debug|iPhoneSimulator
		{41511BA3-81ED-4CF7-B1C4-B42ADC20E803}.Release|Any CPU.ActiveCfg = Release|iPhone
		{41511BA3-81ED-4CF7-B1C4-B42ADC20E803}.Release|Any CPU.Build.0 = Release|iPhone
		{41511BA3-81ED-4CF7-B1C4-B42ADC20E803}.Release|Any CPU.Deploy.0 = Release|iPhone
		{41511BA3-81ED-4CF7-B1C4-B42ADC20E803}.Release|iPhone.ActiveCfg = Release|iPhone
		{41511BA3-81ED-4CF7-B1C4-B42ADC20E803}.Release|iPhone.Build.0 = Release|iPhone
		{41511BA3-81ED-4CF7-B1C4-B42ADC20E803}.Release|iPhone.Deploy.0 = Release|iPhone
		{41511BA3-81ED-4CF7-B1C4-B42ADC20E803}.Release|iPhoneSimulator.ActiveCfg = Release|iPhoneSimulator
		{41511BA3-81ED-4CF7-B1C4-B42ADC20E803}.Release|iPhoneSimulator.Build.0 = Release|iPhoneSimulator
		{41511BA3-81ED-4CF7-B1C4-B42ADC20E803}.Release|iPhoneSimulator.Deploy.0 = Release|iPhoneSimulator
		{A19A1028-BA2D-4EC3-990B-63B5D7336B03}.Ad-Hoc|Any CPU.ActiveCfg = Debug|Any CPU
		{A19A1028-BA2D-4EC3-990B-63B5D7336B03}.Ad-Hoc|Any CPU.Build.0 = Debug|Any CPU
		{A19A1028-BA2D-4EC3-990B-63B5D7336B03}.Ad-Hoc|Any CPU.Deploy.0 = Debug|Any CPU
		{A19A1028-BA2D-4EC3-990B-63B5D7336B03}.Ad-Hoc|iPhone.ActiveCfg = Debug|Any CPU
		{A19A1028-BA2D-4EC3-990B-63B5D7336B03}.Ad-Hoc|iPhone.Build.0 = Debug|Any CPU
		{A19A1028-BA2D-4EC3-990B-63B5D7336B03}.Ad-Hoc|iPhone.Deploy.0 = Debug|Any CPU
		{A19A1028-BA2D-4EC3-990B-63B5D7336B03}.Ad-Hoc|iPhoneSimulator.ActiveCfg = Debug|Any CPU
		{A19A1028-BA2D-4EC3-990B-63B5D7336B03}.Ad-Hoc|iPhoneSimulator.Build.0 = Debug|Any CPU
		{A19A1028-BA2D-4EC3-990B-63B5D7336B03}.Ad-Hoc|iPhoneSimulator.Deploy.0 = Debug|Any CPU
		{A19A1028-BA2D-4EC3-990B-63B5D7336B03}.AppStore|Any CPU.ActiveCfg = Debug|Any CPU
		{A19A1028-BA2D-4EC3-990B-63B5D7336B03}.AppStore|Any CPU.Build.0 = Debug|Any CPU
		{A19A1028-BA2D-4EC3-990B-63B5D7336B03}.AppStore|Any CPU.Deploy.0 = Debug|Any CPU
		{A19A1028-BA2D-4EC3-990B-63B5D7336B03}.AppStore|iPhone.ActiveCfg = Debug|Any CPU
		{A19A1028-BA2D-4EC3-990B-63B5D7336B03}.AppStore|iPhone.Build.0 = Debug|Any CPU
		{A19A1028-BA2D-4EC3-990B-63B5D7336B03}.AppStore|iPhone.Deploy.0 = Debug|Any CPU
		{A19A1028-BA2D-4EC3-990B-63B5D7336B03}.AppStore|iPhoneSimulator.ActiveCfg = Debug|Any CPU
		{A19A1028-BA2D-4EC3-990B-63B5D7336B03}.AppStore|iPhoneSimulator.Build.0 = Debug|Any CPU
		{A19A1028-BA2D-4EC3-990B-63B5D7336B03}.AppStore|iPhoneSimulator.Deploy.0 = Debug|Any CPU
		{A19A1028-BA2D-4EC3-990B-63B5D7336B03}.Debug|Any CPU.ActiveCfg = Debug|Any CPU
		{A19A1028-BA2D-4EC3-990B-63B5D7336B03}.Debug|Any CPU.Build.0 = Debug|Any CPU
		{A19A1028-BA2D-4EC3-990B-63B5D7336B03}.Debug|Any CPU.Deploy.0 = Debug|Any CPU
		{A19A1028-BA2D-4EC3-990B-63B5D7336B03}.Debug|iPhone.ActiveCfg = Debug|Any CPU
		{A19A1028-BA2D-4EC3-990B-63B5D7336B03}.Debug|iPhone.Build.0 = Debug|Any CPU
		{A19A1028-BA2D-4EC3-990B-63B5D7336B03}.Debug|iPhone.Deploy.0 = Debug|Any CPU
		{A19A1028-BA2D-4EC3-990B-63B5D7336B03}.Debug|iPhoneSimulator.ActiveCfg = Debug|Any CPU
		{A19A1028-BA2D-4EC3-990B-63B5D7336B03}.Debug|iPhoneSimulator.Build.0 = Debug|Any CPU
		{A19A1028-BA2D-4EC3-990B-63B5D7336B03}.Debug|iPhoneSimulator.Deploy.0 = Debug|Any CPU
		{A19A1028-BA2D-4EC3-990B-63B5D7336B03}.Release|Any CPU.ActiveCfg = Release|Any CPU
		{A19A1028-BA2D-4EC3-990B-63B5D7336B03}.Release|Any CPU.Build.0 = Release|Any CPU
		{A19A1028-BA2D-4EC3-990B-63B5D7336B03}.Release|Any CPU.Deploy.0 = Release|Any CPU
		{A19A1028-BA2D-4EC3-990B-63B5D7336B03}.Release|iPhone.ActiveCfg = Release|Any CPU
		{A19A1028-BA2D-4EC3-990B-63B5D7336B03}.Release|iPhone.Build.0 = Release|Any CPU
		{A19A1028-BA2D-4EC3-990B-63B5D7336B03}.Release|iPhone.Deploy.0 = Release|Any CPU
		{A19A1028-BA2D-4EC3-990B-63B5D7336B03}.Release|iPhoneSimulator.ActiveCfg = Release|Any CPU
		{A19A1028-BA2D-4EC3-990B-63B5D7336B03}.Release|iPhoneSimulator.Build.0 = Release|Any CPU
		{A19A1028-BA2D-4EC3-990B-63B5D7336B03}.Release|iPhoneSimulator.Deploy.0 = Release|Any CPU
	EndGlobalSection
	GlobalSection(SolutionProperties) = preSolution
		HideSolutionNode = FALSE
	EndGlobalSection
	GlobalSection(ExtensibilityGlobals) = postSolution
		SolutionGuid = {256205EB-303C-4260-ADEA-7D9C4D0251D4}
	EndGlobalSection
EndGlobal
